
Microsoft Visual Studio Solution File, Format Version 12.00
# Visual Studio Version 17
VisualStudioVersion = 17.10.35027.167
MinimumVisualStudioVersion = 10.0.40219.1
Project("{8BC9CEB8-8B4A-11D0-8D11-00A0C91BC942}") = "DungeonWalking", "DungeonWalking.vcxproj", "{ECF0EC56-7033-4F01-A450-FAC3F416B328}"
EndProject
Global
	GlobalSection(SolutionConfigurationPlatforms) = preSolution
		Debug|x64 = Debug|x64
		Release|x64 = Release|x64
	EndGlobalSection
	GlobalSection(ProjectConfigurationPlatforms) = postSolution
		{ECF0EC56-7033-4F01-A450-FAC3F416B328}.Debug|x64.ActiveCfg = Debug|x64
		{ECF0EC56-7033-4F01-A450-FAC3F416B328}.Debug|x64.Build.0 = Debug|x64
		{ECF0EC56-7033-4F01-A450-FAC3F416B328}.Release|x64.ActiveCfg = Release|x64
		{ECF0EC56-7033-4F01-A450-FAC3F416B328}.Release|x64.Build.0 = Release|x64
	EndGlobalSection
	GlobalSection(SolutionProperties) = preSolution
		HideSolutionNode = FALSE
	EndGlobalSection
	GlobalSection(ExtensibilityGlobals) = postSolution
		SolutionGuid = {9C7856DA-076C-432C-A05A-291852082C30}
	EndGlobalSection
EndGlobal
